// !$*UTF8*$!
{
	archiveVersion = 1;
	classes = {
	};
	objectVersion = 55;
	objects = {

/* Begin PBXBuildFile section */
		5A7E452CFECF043A4EAE80C5 /* Pods_LTPractice.framework in Frameworks */ = {isa = PBXBuildFile; fileRef = DFAD8A424DF542AC05C0C08E /* Pods_LTPractice.framework */; };
		69327D2A290BE0F4005B42DD /* ListPractice.swift in Sources */ = {isa = PBXBuildFile; fileRef = 69327D29290BE0F4005B42DD /* ListPractice.swift */; };
		69327D2C290BE19A005B42DD /* Algorithm.swift in Sources */ = {isa = PBXBuildFile; fileRef = 69327D2B290BE19A005B42DD /* Algorithm.swift */; };
		69327D2E29111B82005B42DD /* AnimatonViewController.swift in Sources */ = {isa = PBXBuildFile; fileRef = 69327D2D29111B82005B42DD /* AnimatonViewController.swift */; };
		69327D552912BF90005B42DD /* Multithread.swift in Sources */ = {isa = PBXBuildFile; fileRef = 69327D542912BF90005B42DD /* Multithread.swift */; };
		699AF34E28F6A0E100E3D466 /* AppDelegate.swift in Sources */ = {isa = PBXBuildFile; fileRef = 699AF34D28F6A0E100E3D466 /* AppDelegate.swift */; };
		699AF35028F6A0E100E3D466 /* SceneDelegate.swift in Sources */ = {isa = PBXBuildFile; fileRef = 699AF34F28F6A0E100E3D466 /* SceneDelegate.swift */; };
		699AF35228F6A0E100E3D466 /* ViewController.swift in Sources */ = {isa = PBXBuildFile; fileRef = 699AF35128F6A0E100E3D466 /* ViewController.swift */; };
		699AF35528F6A0E100E3D466 /* Main.storyboard in Resources */ = {isa = PBXBuildFile; fileRef = 699AF35328F6A0E100E3D466 /* Main.storyboard */; };
		699AF35828F6A0E100E3D466 /* LTPractice.xcdatamodeld in Sources */ = {isa = PBXBuildFile; fileRef = 699AF35628F6A0E100E3D466 /* LTPractice.xcdatamodeld */; };
		699AF35A28F6A0E300E3D466 /* Assets.xcassets in Resources */ = {isa = PBXBuildFile; fileRef = 699AF35928F6A0E300E3D466 /* Assets.xcassets */; };
		699AF35D28F6A0E300E3D466 /* LaunchScreen.storyboard in Resources */ = {isa = PBXBuildFile; fileRef = 699AF35B28F6A0E300E3D466 /* LaunchScreen.storyboard */; };
		699AF36828F6A0E300E3D466 /* LTPracticeTests.swift in Sources */ = {isa = PBXBuildFile; fileRef = 699AF36728F6A0E300E3D466 /* LTPracticeTests.swift */; };
		699AF37228F6A0E300E3D466 /* LTPracticeUITests.swift in Sources */ = {isa = PBXBuildFile; fileRef = 699AF37128F6A0E300E3D466 /* LTPracticeUITests.swift */; };
		699AF37428F6A0E300E3D466 /* LTPracticeUITestsLaunchTests.swift in Sources */ = {isa = PBXBuildFile; fileRef = 699AF37328F6A0E300E3D466 /* LTPracticeUITestsLaunchTests.swift */; };
		699AF38328F6A60200E3D466 /* OCViewController.m in Sources */ = {isa = PBXBuildFile; fileRef = 699AF38228F6A60200E3D466 /* OCViewController.m */; };
		699AF38A28FA91C900E3D466 /* BlockViewController.swift in Sources */ = {isa = PBXBuildFile; fileRef = 699AF38928FA91C900E3D466 /* BlockViewController.swift */; };
		699AF38D28FACF4700E3D466 /* OCBlockViewController.m in Sources */ = {isa = PBXBuildFile; fileRef = 699AF38C28FACF4700E3D466 /* OCBlockViewController.m */; };
		699B60F1290645ED0052F6DA /* PracticeViewController.swift in Sources */ = {isa = PBXBuildFile; fileRef = 699B60F0290645ED0052F6DA /* PracticeViewController.swift */; };
		C6A6FE9E7FA5DB24EF1A28FE /* Pods_LTPracticeTests.framework in Frameworks */ = {isa = PBXBuildFile; fileRef = 169E96012B2A46DA4519BF5F /* Pods_LTPracticeTests.framework */; };
		F52D229DF1F68C646D7F7708 /* Pods_LTPractice_LTPracticeUITests.framework in Frameworks */ = {isa = PBXBuildFile; fileRef = 829F02A71DA5838153AFBB09 /* Pods_LTPractice_LTPracticeUITests.framework */; };
/* End PBXBuildFile section */

/* Begin PBXContainerItemProxy section */
		699AF36428F6A0E300E3D466 /* PBXContainerItemProxy */ = {
			isa = PBXContainerItemProxy;
			containerPortal = 699AF34228F6A0E100E3D466 /* Project object */;
			proxyType = 1;
			remoteGlobalIDString = 699AF34928F6A0E100E3D466;
			remoteInfo = LTPractice;
		};
		699AF36E28F6A0E300E3D466 /* PBXContainerItemProxy */ = {
			isa = PBXContainerItemProxy;
			containerPortal = 699AF34228F6A0E100E3D466 /* Project object */;
			proxyType = 1;
			remoteGlobalIDString = 699AF34928F6A0E100E3D466;
			remoteInfo = LTPractice;
		};
/* End PBXContainerItemProxy section */

/* Begin PBXFileReference section */
		169E96012B2A46DA4519BF5F /* Pods_LTPracticeTests.framework */ = {isa = PBXFileReference; explicitFileType = wrapper.framework; includeInIndex = 0; path = Pods_LTPracticeTests.framework; sourceTree = BUILT_PRODUCTS_DIR; };
		212860C696598F9EABCEBA4C /* Pods-LTPractice-LTPracticeUITests.debug.xcconfig */ = {isa = PBXFileReference; includeInIndex = 1; lastKnownFileType = text.xcconfig; name = "Pods-LTPractice-LTPracticeUITests.debug.xcconfig"; path = "Target Support Files/Pods-LTPractice-LTPracticeUITests/Pods-LTPractice-LTPracticeUITests.debug.xcconfig"; sourceTree = "<group>"; };
		2D3451C6F094980D344919AB /* Pods-LTPractice.debug.xcconfig */ = {isa = PBXFileReference; includeInIndex = 1; lastKnownFileType = text.xcconfig; name = "Pods-LTPractice.debug.xcconfig"; path = "Target Support Files/Pods-LTPractice/Pods-LTPractice.debug.xcconfig"; sourceTree = "<group>"; };
		63D11DDF5622DB58BEA7CD12 /* Pods-LTPractice-LTPracticeUITests.release.xcconfig */ = {isa = PBXFileReference; includeInIndex = 1; lastKnownFileType = text.xcconfig; name = "Pods-LTPractice-LTPracticeUITests.release.xcconfig"; path = "Target Support Files/Pods-LTPractice-LTPracticeUITests/Pods-LTPractice-LTPracticeUITests.release.xcconfig"; sourceTree = "<group>"; };
		69327D29290BE0F4005B42DD /* ListPractice.swift */ = {isa = PBXFileReference; lastKnownFileType = sourcecode.swift; path = ListPractice.swift; sourceTree = "<group>"; };
		69327D2B290BE19A005B42DD /* Algorithm.swift */ = {isa = PBXFileReference; lastKnownFileType = sourcecode.swift; path = Algorithm.swift; sourceTree = "<group>"; };
		69327D2D29111B82005B42DD /* AnimatonViewController.swift */ = {isa = PBXFileReference; lastKnownFileType = sourcecode.swift; path = AnimatonViewController.swift; sourceTree = "<group>"; };
		69327D542912BF90005B42DD /* Multithread.swift */ = {isa = PBXFileReference; lastKnownFileType = sourcecode.swift; path = Multithread.swift; sourceTree = "<group>"; };
		699AF34A28F6A0E100E3D466 /* LTPractice.app */ = {isa = PBXFileReference; explicitFileType = wrapper.application; includeInIndex = 0; path = LTPractice.app; sourceTree = BUILT_PRODUCTS_DIR; };
		699AF34D28F6A0E100E3D466 /* AppDelegate.swift */ = {isa = PBXFileReference; lastKnownFileType = sourcecode.swift; path = AppDelegate.swift; sourceTree = "<group>"; };
		699AF34F28F6A0E100E3D466 /* SceneDelegate.swift */ = {isa = PBXFileReference; lastKnownFileType = sourcecode.swift; path = SceneDelegate.swift; sourceTree = "<group>"; };
		699AF35128F6A0E100E3D466 /* ViewController.swift */ = {isa = PBXFileReference; lastKnownFileType = sourcecode.swift; path = ViewController.swift; sourceTree = "<group>"; };
		699AF35428F6A0E100E3D466 /* Base */ = {isa = PBXFileReference; lastKnownFileType = file.storyboard; name = Base; path = Base.lproj/Main.storyboard; sourceTree = "<group>"; };
		699AF35728F6A0E100E3D466 /* LTPractice.xcdatamodel */ = {isa = PBXFileReference; lastKnownFileType = wrapper.xcdatamodel; path = LTPractice.xcdatamodel; sourceTree = "<group>"; };
		699AF35928F6A0E300E3D466 /* Assets.xcassets */ = {isa = PBXFileReference; lastKnownFileType = folder.assetcatalog; path = Assets.xcassets; sourceTree = "<group>"; };
		699AF35C28F6A0E300E3D466 /* Base */ = {isa = PBXFileReference; lastKnownFileType = file.storyboard; name = Base; path = Base.lproj/LaunchScreen.storyboard; sourceTree = "<group>"; };
		699AF35E28F6A0E300E3D466 /* Info.plist */ = {isa = PBXFileReference; lastKnownFileType = text.plist.xml; path = Info.plist; sourceTree = "<group>"; };
		699AF36328F6A0E300E3D466 /* LTPracticeTests.xctest */ = {isa = PBXFileReference; explicitFileType = wrapper.cfbundle; includeInIndex = 0; path = LTPracticeTests.xctest; sourceTree = BUILT_PRODUCTS_DIR; };
		699AF36728F6A0E300E3D466 /* LTPracticeTests.swift */ = {isa = PBXFileReference; lastKnownFileType = sourcecode.swift; path = LTPracticeTests.swift; sourceTree = "<group>"; };
		699AF36D28F6A0E300E3D466 /* LTPracticeUITests.xctest */ = {isa = PBXFileReference; explicitFileType = wrapper.cfbundle; includeInIndex = 0; path = LTPracticeUITests.xctest; sourceTree = BUILT_PRODUCTS_DIR; };
		699AF37128F6A0E300E3D466 /* LTPracticeUITests.swift */ = {isa = PBXFileReference; lastKnownFileType = sourcecode.swift; path = LTPracticeUITests.swift; sourceTree = "<group>"; };
		699AF37328F6A0E300E3D466 /* LTPracticeUITestsLaunchTests.swift */ = {isa = PBXFileReference; lastKnownFileType = sourcecode.swift; path = LTPracticeUITestsLaunchTests.swift; sourceTree = "<group>"; };
		699AF38028F6A60100E3D466 /* LTPractice-Bridging-Header.h */ = {isa = PBXFileReference; lastKnownFileType = sourcecode.c.h; path = "LTPractice-Bridging-Header.h"; sourceTree = "<group>"; };
		699AF38128F6A60200E3D466 /* OCViewController.h */ = {isa = PBXFileReference; lastKnownFileType = sourcecode.c.h; path = OCViewController.h; sourceTree = "<group>"; };
		699AF38228F6A60200E3D466 /* OCViewController.m */ = {isa = PBXFileReference; lastKnownFileType = sourcecode.c.objc; path = OCViewController.m; sourceTree = "<group>"; };
		699AF38928FA91C900E3D466 /* BlockViewController.swift */ = {isa = PBXFileReference; lastKnownFileType = sourcecode.swift; path = BlockViewController.swift; sourceTree = "<group>"; };
		699AF38B28FACF4700E3D466 /* OCBlockViewController.h */ = {isa = PBXFileReference; lastKnownFileType = sourcecode.c.h; path = OCBlockViewController.h; sourceTree = "<group>"; };
		699AF38C28FACF4700E3D466 /* OCBlockViewController.m */ = {isa = PBXFileReference; lastKnownFileType = sourcecode.c.objc; path = OCBlockViewController.m; sourceTree = "<group>"; };
		699B60F0290645ED0052F6DA /* PracticeViewController.swift */ = {isa = PBXFileReference; lastKnownFileType = sourcecode.swift; path = PracticeViewController.swift; sourceTree = "<group>"; };
		829F02A71DA5838153AFBB09 /* Pods_LTPractice_LTPracticeUITests.framework */ = {isa = PBXFileReference; explicitFileType = wrapper.framework; includeInIndex = 0; path = Pods_LTPractice_LTPracticeUITests.framework; sourceTree = BUILT_PRODUCTS_DIR; };
		8410AE7E86577EDB75204DB1 /* Pods-LTPracticeTests.release.xcconfig */ = {isa = PBXFileReference; includeInIndex = 1; lastKnownFileType = text.xcconfig; name = "Pods-LTPracticeTests.release.xcconfig"; path = "Target Support Files/Pods-LTPracticeTests/Pods-LTPracticeTests.release.xcconfig"; sourceTree = "<group>"; };
		AEC7EAC129060CBB4AB015C9 /* Pods-LTPractice.release.xcconfig */ = {isa = PBXFileReference; includeInIndex = 1; lastKnownFileType = text.xcconfig; name = "Pods-LTPractice.release.xcconfig"; path = "Target Support Files/Pods-LTPractice/Pods-LTPractice.release.xcconfig"; sourceTree = "<group>"; };
		B648417AA9BC8EE8F303F888 /* Pods-LTPracticeTests.debug.xcconfig */ = {isa = PBXFileReference; includeInIndex = 1; lastKnownFileType = text.xcconfig; name = "Pods-LTPracticeTests.debug.xcconfig"; path = "Target Support Files/Pods-LTPracticeTests/Pods-LTPracticeTests.debug.xcconfig"; sourceTree = "<group>"; };
		DFAD8A424DF542AC05C0C08E /* Pods_LTPractice.framework */ = {isa = PBXFileReference; explicitFileType = wrapper.framework; includeInIndex = 0; path = Pods_LTPractice.framework; sourceTree = BUILT_PRODUCTS_DIR; };
/* End PBXFileReference section */

/* Begin PBXFrameworksBuildPhase section */
		699AF34728F6A0E100E3D466 /* Frameworks */ = {
			isa = PBXFrameworksBuildPhase;
			buildActionMask = 2147483647;
			files = (
				5A7E452CFECF043A4EAE80C5 /* Pods_LTPractice.framework in Frameworks */,
			);
			runOnlyForDeploymentPostprocessing = 0;
		};
		699AF36028F6A0E300E3D466 /* Frameworks */ = {
			isa = PBXFrameworksBuildPhase;
			buildActionMask = 2147483647;
			files = (
				C6A6FE9E7FA5DB24EF1A28FE /* Pods_LTPracticeTests.framework in Frameworks */,
			);
			runOnlyForDeploymentPostprocessing = 0;
		};
		699AF36A28F6A0E300E3D466 /* Frameworks */ = {
			isa = PBXFrameworksBuildPhase;
			buildActionMask = 2147483647;
			files = (
				F52D229DF1F68C646D7F7708 /* Pods_LTPractice_LTPracticeUITests.framework in Frameworks */,
			);
			runOnlyForDeploymentPostprocessing = 0;
		};
/* End PBXFrameworksBuildPhase section */

/* Begin PBXGroup section */
		463B3148A15281D986BF0435 /* Frameworks */ = {
			isa = PBXGroup;
			children = (
				DFAD8A424DF542AC05C0C08E /* Pods_LTPractice.framework */,
				829F02A71DA5838153AFBB09 /* Pods_LTPractice_LTPracticeUITests.framework */,
				169E96012B2A46DA4519BF5F /* Pods_LTPracticeTests.framework */,
			);
			name = Frameworks;
			sourceTree = "<group>";
		};
		699AF34128F6A0E100E3D466 = {
			isa = PBXGroup;
			children = (
				699AF34C28F6A0E100E3D466 /* LTPractice */,
				699AF36628F6A0E300E3D466 /* LTPracticeTests */,
				699AF37028F6A0E300E3D466 /* LTPracticeUITests */,
				699AF34B28F6A0E100E3D466 /* Products */,
				9E257AB3E5AEDAFCE9B3A3CC /* Pods */,
				463B3148A15281D986BF0435 /* Frameworks */,
			);
			sourceTree = "<group>";
		};
		699AF34B28F6A0E100E3D466 /* Products */ = {
			isa = PBXGroup;
			children = (
				699AF34A28F6A0E100E3D466 /* LTPractice.app */,
				699AF36328F6A0E300E3D466 /* LTPracticeTests.xctest */,
				699AF36D28F6A0E300E3D466 /* LTPracticeUITests.xctest */,
			);
			name = Products;
			sourceTree = "<group>";
		};
		699AF34C28F6A0E100E3D466 /* LTPractice */ = {
			isa = PBXGroup;
			children = (
				699AF38528FA904A00E3D466 /* Swift */,
				699AF38428FA903500E3D466 /* OC */,
				699AF34D28F6A0E100E3D466 /* AppDelegate.swift */,
				699AF34F28F6A0E100E3D466 /* SceneDelegate.swift */,
				699AF35128F6A0E100E3D466 /* ViewController.swift */,
				699AF35328F6A0E100E3D466 /* Main.storyboard */,
				699AF35928F6A0E300E3D466 /* Assets.xcassets */,
				699AF35B28F6A0E300E3D466 /* LaunchScreen.storyboard */,
				699AF35E28F6A0E300E3D466 /* Info.plist */,
				699AF35628F6A0E100E3D466 /* LTPractice.xcdatamodeld */,
				699AF38028F6A60100E3D466 /* LTPractice-Bridging-Header.h */,
			);
			path = LTPractice;
			sourceTree = "<group>";
		};
		699AF36628F6A0E300E3D466 /* LTPracticeTests */ = {
			isa = PBXGroup;
			children = (
				699AF36728F6A0E300E3D466 /* LTPracticeTests.swift */,
			);
			path = LTPracticeTests;
			sourceTree = "<group>";
		};
		699AF37028F6A0E300E3D466 /* LTPracticeUITests */ = {
			isa = PBXGroup;
			children = (
				699AF37128F6A0E300E3D466 /* LTPracticeUITests.swift */,
				699AF37328F6A0E300E3D466 /* LTPracticeUITestsLaunchTests.swift */,
			);
			path = LTPracticeUITests;
			sourceTree = "<group>";
		};
		699AF38428FA903500E3D466 /* OC */ = {
			isa = PBXGroup;
			children = (
				699AF38128F6A60200E3D466 /* OCViewController.h */,
				699AF38228F6A60200E3D466 /* OCViewController.m */,
				699AF38B28FACF4700E3D466 /* OCBlockViewController.h */,
				699AF38C28FACF4700E3D466 /* OCBlockViewController.m */,
			);
			path = OC;
			sourceTree = "<group>";
		};
		699AF38528FA904A00E3D466 /* Swift */ = {
			isa = PBXGroup;
			children = (
				699AF38928FA91C900E3D466 /* BlockViewController.swift */,
				699B60F0290645ED0052F6DA /* PracticeViewController.swift */,
				69327D29290BE0F4005B42DD /* ListPractice.swift */,
				69327D2B290BE19A005B42DD /* Algorithm.swift */,
				69327D2D29111B82005B42DD /* AnimatonViewController.swift */,
				69327D542912BF90005B42DD /* Multithread.swift */,
			);
			path = Swift;
			sourceTree = "<group>";
		};
		9E257AB3E5AEDAFCE9B3A3CC /* Pods */ = {
			isa = PBXGroup;
			children = (
				2D3451C6F094980D344919AB /* Pods-LTPractice.debug.xcconfig */,
				AEC7EAC129060CBB4AB015C9 /* Pods-LTPractice.release.xcconfig */,
				212860C696598F9EABCEBA4C /* Pods-LTPractice-LTPracticeUITests.debug.xcconfig */,
				63D11DDF5622DB58BEA7CD12 /* Pods-LTPractice-LTPracticeUITests.release.xcconfig */,
				B648417AA9BC8EE8F303F888 /* Pods-LTPracticeTests.debug.xcconfig */,
				8410AE7E86577EDB75204DB1 /* Pods-LTPracticeTests.release.xcconfig */,
			);
			path = Pods;
			sourceTree = "<group>";
		};
/* End PBXGroup section */

/* Begin PBXNativeTarget section */
		699AF34928F6A0E100E3D466 /* LTPractice */ = {
			isa = PBXNativeTarget;
			buildConfigurationList = 699AF37728F6A0E300E3D466 /* Build configuration list for PBXNativeTarget "LTPractice" */;
			buildPhases = (
				55D16ED85E028A681273AB50 /* [CP] Check Pods Manifest.lock */,
				699AF34628F6A0E100E3D466 /* Sources */,
				699AF34728F6A0E100E3D466 /* Frameworks */,
				699AF34828F6A0E100E3D466 /* Resources */,
				B68D075324D6D929C8F65CAF /* [CP] Embed Pods Frameworks */,
			);
			buildRules = (
			);
			dependencies = (
			);
			name = LTPractice;
			productName = LTPractice;
			productReference = 699AF34A28F6A0E100E3D466 /* LTPractice.app */;
			productType = "com.apple.product-type.application";
		};
		699AF36228F6A0E300E3D466 /* LTPracticeTests */ = {
			isa = PBXNativeTarget;
			buildConfigurationList = 699AF37A28F6A0E300E3D466 /* Build configuration list for PBXNativeTarget "LTPracticeTests" */;
			buildPhases = (
				31BC809D2A86C5EF535E313C /* [CP] Check Pods Manifest.lock */,
				699AF35F28F6A0E300E3D466 /* Sources */,
				699AF36028F6A0E300E3D466 /* Frameworks */,
				699AF36128F6A0E300E3D466 /* Resources */,
			);
			buildRules = (
			);
			dependencies = (
				699AF36528F6A0E300E3D466 /* PBXTargetDependency */,
			);
			name = LTPracticeTests;
			productName = LTPracticeTests;
			productReference = 699AF36328F6A0E300E3D466 /* LTPracticeTests.xctest */;
			productType = "com.apple.product-type.bundle.unit-test";
		};
		699AF36C28F6A0E300E3D466 /* LTPracticeUITests */ = {
			isa = PBXNativeTarget;
			buildConfigurationList = 699AF37D28F6A0E300E3D466 /* Build configuration list for PBXNativeTarget "LTPracticeUITests" */;
			buildPhases = (
				8A0EBDF5A87818DBC0450255 /* [CP] Check Pods Manifest.lock */,
				699AF36928F6A0E300E3D466 /* Sources */,
				699AF36A28F6A0E300E3D466 /* Frameworks */,
				699AF36B28F6A0E300E3D466 /* Resources */,
				0DE77519E114AAF44B39CE25 /* [CP] Embed Pods Frameworks */,
			);
			buildRules = (
			);
			dependencies = (
				699AF36F28F6A0E300E3D466 /* PBXTargetDependency */,
			);
			name = LTPracticeUITests;
			productName = LTPracticeUITests;
			productReference = 699AF36D28F6A0E300E3D466 /* LTPracticeUITests.xctest */;
			productType = "com.apple.product-type.bundle.ui-testing";
		};
/* End PBXNativeTarget section */

/* Begin PBXProject section */
		699AF34228F6A0E100E3D466 /* Project object */ = {
			isa = PBXProject;
			attributes = {
				BuildIndependentTargetsInParallel = 1;
				LastSwiftUpdateCheck = 1320;
				LastUpgradeCheck = 1320;
				TargetAttributes = {
					699AF34928F6A0E100E3D466 = {
						CreatedOnToolsVersion = 13.2.1;
						LastSwiftMigration = 1320;
					};
					699AF36228F6A0E300E3D466 = {
						CreatedOnToolsVersion = 13.2.1;
						TestTargetID = 699AF34928F6A0E100E3D466;
					};
					699AF36C28F6A0E300E3D466 = {
						CreatedOnToolsVersion = 13.2.1;
						TestTargetID = 699AF34928F6A0E100E3D466;
					};
				};
			};
			buildConfigurationList = 699AF34528F6A0E100E3D466 /* Build configuration list for PBXProject "LTPractice" */;
			compatibilityVersion = "Xcode 13.0";
			developmentRegion = en;
			hasScannedForEncodings = 0;
			knownRegions = (
				en,
				Base,
			);
			mainGroup = 699AF34128F6A0E100E3D466;
			productRefGroup = 699AF34B28F6A0E100E3D466 /* Products */;
			projectDirPath = "";
			projectRoot = "";
			targets = (
				699AF34928F6A0E100E3D466 /* LTPractice */,
				699AF36228F6A0E300E3D466 /* LTPracticeTests */,
				699AF36C28F6A0E300E3D466 /* LTPracticeUITests */,
			);
		};
/* End PBXProject section */

/* Begin PBXResourcesBuildPhase section */
		699AF34828F6A0E100E3D466 /* Resources */ = {
			isa = PBXResourcesBuildPhase;
			buildActionMask = 2147483647;
			files = (
				699AF35D28F6A0E300E3D466 /* LaunchScreen.storyboard in Resources */,
				699AF35A28F6A0E300E3D466 /* Assets.xcassets in Resources */,
				699AF35528F6A0E100E3D466 /* Main.storyboard in Resources */,
			);
			runOnlyForDeploymentPostprocessing = 0;
		};
		699AF36128F6A0E300E3D466 /* Resources */ = {
			isa = PBXResourcesBuildPhase;
			buildActionMask = 2147483647;
			files = (
			);
			runOnlyForDeploymentPostprocessing = 0;
		};
		699AF36B28F6A0E300E3D466 /* Resources */ = {
			isa = PBXResourcesBuildPhase;
			buildActionMask = 2147483647;
			files = (
			);
			runOnlyForDeploymentPostprocessing = 0;
		};
/* End PBXResourcesBuildPhase section */

/* Begin PBXShellScriptBuildPhase section */
		0DE77519E114AAF44B39CE25 /* [CP] Embed Pods Frameworks */ = {
			isa = PBXShellScriptBuildPhase;
			buildActionMask = 2147483647;
			files = (
			);
			inputFileListPaths = (
				"${PODS_ROOT}/Target Support Files/Pods-LTPractice-LTPracticeUITests/Pods-LTPractice-LTPracticeUITests-frameworks-${CONFIGURATION}-input-files.xcfilelist",
			);
			name = "[CP] Embed Pods Frameworks";
			outputFileListPaths = (
				"${PODS_ROOT}/Target Support Files/Pods-LTPractice-LTPracticeUITests/Pods-LTPractice-LTPracticeUITests-frameworks-${CONFIGURATION}-output-files.xcfilelist",
			);
			runOnlyForDeploymentPostprocessing = 0;
			shellPath = /bin/sh;
			shellScript = "\"${PODS_ROOT}/Target Support Files/Pods-LTPractice-LTPracticeUITests/Pods-LTPractice-LTPracticeUITests-frameworks.sh\"\n";
			showEnvVarsInLog = 0;
		};
		31BC809D2A86C5EF535E313C /* [CP] Check Pods Manifest.lock */ = {
			isa = PBXShellScriptBuildPhase;
			buildActionMask = 2147483647;
			files = (
			);
			inputFileListPaths = (
			);
			inputPaths = (
				"${PODS_PODFILE_DIR_PATH}/Podfile.lock",
				"${PODS_ROOT}/Manifest.lock",
			);
			name = "[CP] Check Pods Manifest.lock";
			outputFileListPaths = (
			);
			outputPaths = (
				"$(DERIVED_FILE_DIR)/Pods-LTPracticeTests-checkManifestLockResult.txt",
			);
			runOnlyForDeploymentPostprocessing = 0;
			shellPath = /bin/sh;
			shellScript = "diff \"${PODS_PODFILE_DIR_PATH}/Podfile.lock\" \"${PODS_ROOT}/Manifest.lock\" > /dev/null\nif [ $? != 0 ] ; then\n    # print error to STDERR\n    echo \"error: The sandbox is not in sync with the Podfile.lock. Run 'pod install' or update your CocoaPods installation.\" >&2\n    exit 1\nfi\n# This output is used by Xcode 'outputs' to avoid re-running this script phase.\necho \"SUCCESS\" > \"${SCRIPT_OUTPUT_FILE_0}\"\n";
			showEnvVarsInLog = 0;
		};
		55D16ED85E028A681273AB50 /* [CP] Check Pods Manifest.lock */ = {
			isa = PBXShellScriptBuildPhase;
			buildActionMask = 2147483647;
			files = (
			);
			inputFileListPaths = (
			);
			inputPaths = (
				"${PODS_PODFILE_DIR_PATH}/Podfile.lock",
				"${PODS_ROOT}/Manifest.lock",
			);
			name = "[CP] Check Pods Manifest.lock";
			outputFileListPaths = (
			);
			outputPaths = (
				"$(DERIVED_FILE_DIR)/Pods-LTPractice-checkManifestLockResult.txt",
			);
			runOnlyForDeploymentPostprocessing = 0;
			shellPath = /bin/sh;
			shellScript = "diff \"${PODS_PODFILE_DIR_PATH}/Podfile.lock\" \"${PODS_ROOT}/Manifest.lock\" > /dev/null\nif [ $? != 0 ] ; then\n    # print error to STDERR\n    echo \"error: The sandbox is not in sync with the Podfile.lock. Run 'pod install' or update your CocoaPods installation.\" >&2\n    exit 1\nfi\n# This output is used by Xcode 'outputs' to avoid re-running this script phase.\necho \"SUCCESS\" > \"${SCRIPT_OUTPUT_FILE_0}\"\n";
			showEnvVarsInLog = 0;
		};
		8A0EBDF5A87818DBC0450255 /* [CP] Check Pods Manifest.lock */ = {
			isa = PBXShellScriptBuildPhase;
			buildActionMask = 2147483647;
			files = (
			);
			inputFileListPaths = (
			);
			inputPaths = (
				"${PODS_PODFILE_DIR_PATH}/Podfile.lock",
				"${PODS_ROOT}/Manifest.lock",
			);
			name = "[CP] Check Pods Manifest.lock";
			outputFileListPaths = (
			);
			outputPaths = (
				"$(DERIVED_FILE_DIR)/Pods-LTPractice-LTPracticeUITests-checkManifestLockResult.txt",
			);
			runOnlyForDeploymentPostprocessing = 0;
			shellPath = /bin/sh;
			shellScript = "diff \"${PODS_PODFILE_DIR_PATH}/Podfile.lock\" \"${PODS_ROOT}/Manifest.lock\" > /dev/null\nif [ $? != 0 ] ; then\n    # print error to STDERR\n    echo \"error: The sandbox is not in sync with the Podfile.lock. Run 'pod install' or update your CocoaPods installation.\" >&2\n    exit 1\nfi\n# This output is used by Xcode 'outputs' to avoid re-running this script phase.\necho \"SUCCESS\" > \"${SCRIPT_OUTPUT_FILE_0}\"\n";
			showEnvVarsInLog = 0;
		};
		B68D075324D6D929C8F65CAF /* [CP] Embed Pods Frameworks */ = {
			isa = PBXShellScriptBuildPhase;
			buildActionMask = 2147483647;
			files = (
			);
			inputFileListPaths = (
				"${PODS_ROOT}/Target Support Files/Pods-LTPractice/Pods-LTPractice-frameworks-${CONFIGURATION}-input-files.xcfilelist",
			);
			name = "[CP] Embed Pods Frameworks";
			outputFileListPaths = (
				"${PODS_ROOT}/Target Support Files/Pods-LTPractice/Pods-LTPractice-frameworks-${CONFIGURATION}-output-files.xcfilelist",
			);
			runOnlyForDeploymentPostprocessing = 0;
			shellPath = /bin/sh;
			shellScript = "\"${PODS_ROOT}/Target Support Files/Pods-LTPractice/Pods-LTPractice-frameworks.sh\"\n";
			showEnvVarsInLog = 0;
		};
/* End PBXShellScriptBuildPhase section */

/* Begin PBXSourcesBuildPhase section */
		699AF34628F6A0E100E3D466 /* Sources */ = {
			isa = PBXSourcesBuildPhase;
			buildActionMask = 2147483647;
			files = (
				699AF35228F6A0E100E3D466 /* ViewController.swift in Sources */,
				699B60F1290645ED0052F6DA /* PracticeViewController.swift in Sources */,
				69327D2E29111B82005B42DD /* AnimatonViewController.swift in Sources */,
				699AF38328F6A60200E3D466 /* OCViewController.m in Sources */,
				69327D2A290BE0F4005B42DD /* ListPractice.swift in Sources */,
				699AF38A28FA91C900E3D466 /* BlockViewController.swift in Sources */,
				699AF38D28FACF4700E3D466 /* OCBlockViewController.m in Sources */,
				69327D552912BF90005B42DD /* Multithread.swift in Sources */,
				699AF34E28F6A0E100E3D466 /* AppDelegate.swift in Sources */,
				699AF35828F6A0E100E3D466 /* LTPractice.xcdatamodeld in Sources */,
				699AF35028F6A0E100E3D466 /* SceneDelegate.swift in Sources */,
				69327D2C290BE19A005B42DD /* Algorithm.swift in Sources */,
			);
			runOnlyForDeploymentPostprocessing = 0;
		};
		699AF35F28F6A0E300E3D466 /* Sources */ = {
			isa = PBXSourcesBuildPhase;
			buildActionMask = 2147483647;
			files = (
				699AF36828F6A0E300E3D466 /* LTPracticeTests.swift in Sources */,
			);
			runOnlyForDeploymentPostprocessing = 0;
		};
		699AF36928F6A0E300E3D466 /* Sources */ = {
			isa = PBXSourcesBuildPhase;
			buildActionMask = 2147483647;
			files = (
				699AF37228F6A0E300E3D466 /* LTPracticeUITests.swift in Sources */,
				699AF37428F6A0E300E3D466 /* LTPracticeUITestsLaunchTests.swift in Sources */,
			);
			runOnlyForDeploymentPostprocessing = 0;
		};
/* End PBXSourcesBuildPhase section */

/* Begin PBXTargetDependency section */
		699AF36528F6A0E300E3D466 /* PBXTargetDependency */ = {
			isa = PBXTargetDependency;
			target = 699AF34928F6A0E100E3D466 /* LTPractice */;
			targetProxy = 699AF36428F6A0E300E3D466 /* PBXContainerItemProxy */;
		};
		699AF36F28F6A0E300E3D466 /* PBXTargetDependency */ = {
			isa = PBXTargetDependency;
			target = 699AF34928F6A0E100E3D466 /* LTPractice */;
			targetProxy = 699AF36E28F6A0E300E3D466 /* PBXContainerItemProxy */;
		};
/* End PBXTargetDependency section */

/* Begin PBXVariantGroup section */
		699AF35328F6A0E100E3D466 /* Main.storyboard */ = {
			isa = PBXVariantGroup;
			children = (
				699AF35428F6A0E100E3D466 /* Base */,
			);
			name = Main.storyboard;
			sourceTree = "<group>";
		};
		699AF35B28F6A0E300E3D466 /* LaunchScreen.storyboard */ = {
			isa = PBXVariantGroup;
			children = (
				699AF35C28F6A0E300E3D466 /* Base */,
			);
			name = LaunchScreen.storyboard;
			sourceTree = "<group>";
		};
/* End PBXVariantGroup section */

/* Begin XCBuildConfiguration section */
		699AF37528F6A0E300E3D466 /* Debug */ = {
			isa = XCBuildConfiguration;
			buildSettings = {
				ALWAYS_SEARCH_USER_PATHS = NO;
				CLANG_ANALYZER_NONNULL = YES;
				CLANG_ANALYZER_NUMBER_OBJECT_CONVERSION = YES_AGGRESSIVE;
				CLANG_CXX_LANGUAGE_STANDARD = "gnu++17";
				CLANG_CXX_LIBRARY = "libc++";
				CLANG_ENABLE_MODULES = YES;
				CLANG_ENABLE_OBJC_ARC = YES;
				CLANG_ENABLE_OBJC_WEAK = YES;
				CLANG_WARN_BLOCK_CAPTURE_AUTORELEASING = YES;
				CLANG_WARN_BOOL_CONVERSION = YES;
				CLANG_WARN_COMMA = YES;
				CLANG_WARN_CONSTANT_CONVERSION = YES;
				CLANG_WARN_DEPRECATED_OBJC_IMPLEMENTATIONS = YES;
				CLANG_WARN_DIRECT_OBJC_ISA_USAGE = YES_ERROR;
				CLANG_WARN_DOCUMENTATION_COMMENTS = YES;
				CLANG_WARN_EMPTY_BODY = YES;
				CLANG_WARN_ENUM_CONVERSION = YES;
				CLANG_WARN_INFINITE_RECURSION = YES;
				CLANG_WARN_INT_CONVERSION = YES;
				CLANG_WARN_NON_LITERAL_NULL_CONVERSION = YES;
				CLANG_WARN_OBJC_IMPLICIT_RETAIN_SELF = YES;
				CLANG_WARN_OBJC_LITERAL_CONVERSION = YES;
				CLANG_WARN_OBJC_ROOT_CLASS = YES_ERROR;
				CLANG_WARN_QUOTED_INCLUDE_IN_FRAMEWORK_HEADER = YES;
				CLANG_WARN_RANGE_LOOP_ANALYSIS = YES;
				CLANG_WARN_STRICT_PROTOTYPES = YES;
				CLANG_WARN_SUSPICIOUS_MOVE = YES;
				CLANG_WARN_UNGUARDED_AVAILABILITY = YES_AGGRESSIVE;
				CLANG_WARN_UNREACHABLE_CODE = YES;
				CLANG_WARN__DUPLICATE_METHOD_MATCH = YES;
				COPY_PHASE_STRIP = NO;
				DEBUG_INFORMATION_FORMAT = dwarf;
				ENABLE_STRICT_OBJC_MSGSEND = YES;
				ENABLE_TESTABILITY = YES;
				GCC_C_LANGUAGE_STANDARD = gnu11;
				GCC_DYNAMIC_NO_PIC = NO;
				GCC_NO_COMMON_BLOCKS = YES;
				GCC_OPTIMIZATION_LEVEL = 0;
				GCC_PREPROCESSOR_DEFINITIONS = (
					"DEBUG=1",
					"$(inherited)",
				);
				GCC_WARN_64_TO_32_BIT_CONVERSION = YES;
				GCC_WARN_ABOUT_RETURN_TYPE = YES_ERROR;
				GCC_WARN_UNDECLARED_SELECTOR = YES;
				GCC_WARN_UNINITIALIZED_AUTOS = YES_AGGRESSIVE;
				GCC_WARN_UNUSED_FUNCTION = YES;
				GCC_WARN_UNUSED_VARIABLE = YES;
				IPHONEOS_DEPLOYMENT_TARGET = 15.2;
				MTL_ENABLE_DEBUG_INFO = INCLUDE_SOURCE;
				MTL_FAST_MATH = YES;
				ONLY_ACTIVE_ARCH = YES;
				SDKROOT = iphoneos;
				SWIFT_ACTIVE_COMPILATION_CONDITIONS = DEBUG;
				SWIFT_OPTIMIZATION_LEVEL = "-Onone";
			};
			name = Debug;
		};
		699AF37628F6A0E300E3D466 /* Release */ = {
			isa = XCBuildConfiguration;
			buildSettings = {
				ALWAYS_SEARCH_USER_PATHS = NO;
				CLANG_ANALYZER_NONNULL = YES;
				CLANG_ANALYZER_NUMBER_OBJECT_CONVERSION = YES_AGGRESSIVE;
				CLANG_CXX_LANGUAGE_STANDARD = "gnu++17";
				CLANG_CXX_LIBRARY = "libc++";
				CLANG_ENABLE_MODULES = YES;
				CLANG_ENABLE_OBJC_ARC = YES;
				CLANG_ENABLE_OBJC_WEAK = YES;
				CLANG_WARN_BLOCK_CAPTURE_AUTORELEASING = YES;
				CLANG_WARN_BOOL_CONVERSION = YES;
				CLANG_WARN_COMMA = YES;
				CLANG_WARN_CONSTANT_CONVERSION = YES;
				CLANG_WARN_DEPRECATED_OBJC_IMPLEMENTATIONS = YES;
				CLANG_WARN_DIRECT_OBJC_ISA_USAGE = YES_ERROR;
				CLANG_WARN_DOCUMENTATION_COMMENTS = YES;
				CLANG_WARN_EMPTY_BODY = YES;
				CLANG_WARN_ENUM_CONVERSION = YES;
				CLANG_WARN_INFINITE_RECURSION = YES;
				CLANG_WARN_INT_CONVERSION = YES;
				CLANG_WARN_NON_LITERAL_NULL_CONVERSION = YES;
				CLANG_WARN_OBJC_IMPLICIT_RETAIN_SELF = YES;
				CLANG_WARN_OBJC_LITERAL_CONVERSION = YES;
				CLANG_WARN_OBJC_ROOT_CLASS = YES_ERROR;
				CLANG_WARN_QUOTED_INCLUDE_IN_FRAMEWORK_HEADER = YES;
				CLANG_WARN_RANGE_LOOP_ANALYSIS = YES;
				CLANG_WARN_STRICT_PROTOTYPES = YES;
				CLANG_WARN_SUSPICIOUS_MOVE = YES;
				CLANG_WARN_UNGUARDED_AVAILABILITY = YES_AGGRESSIVE;
				CLANG_WARN_UNREACHABLE_CODE = YES;
				CLANG_WARN__DUPLICATE_METHOD_MATCH = YES;
				COPY_PHASE_STRIP = NO;
				DEBUG_INFORMATION_FORMAT = "dwarf-with-dsym";
				ENABLE_NS_ASSERTIONS = NO;
				ENABLE_STRICT_OBJC_MSGSEND = YES;
				GCC_C_LANGUAGE_STANDARD = gnu11;
				GCC_NO_COMMON_BLOCKS = YES;
				GCC_WARN_64_TO_32_BIT_CONVERSION = YES;
				GCC_WARN_ABOUT_RETURN_TYPE = YES_ERROR;
				GCC_WARN_UNDECLARED_SELECTOR = YES;
				GCC_WARN_UNINITIALIZED_AUTOS = YES_AGGRESSIVE;
				GCC_WARN_UNUSED_FUNCTION = YES;
				GCC_WARN_UNUSED_VARIABLE = YES;
				IPHONEOS_DEPLOYMENT_TARGET = 15.2;
				MTL_ENABLE_DEBUG_INFO = NO;
				MTL_FAST_MATH = YES;
				SDKROOT = iphoneos;
				SWIFT_COMPILATION_MODE = wholemodule;
				SWIFT_OPTIMIZATION_LEVEL = "-O";
				VALIDATE_PRODUCT = YES;
			};
			name = Release;
		};
		699AF37828F6A0E300E3D466 /* Debug */ = {
			isa = XCBuildConfiguration;
			baseConfigurationReference = 2D3451C6F094980D344919AB /* Pods-LTPractice.debug.xcconfig */;
			buildSettings = {
				ASSETCATALOG_COMPILER_APPICON_NAME = AppIcon;
				ASSETCATALOG_COMPILER_GLOBAL_ACCENT_COLOR_NAME = AccentColor;
				CLANG_ENABLE_MODULES = YES;
				CODE_SIGN_STYLE = Automatic;
				CURRENT_PROJECT_VERSION = 1;
				GENERATE_INFOPLIST_FILE = YES;
				INFOPLIST_FILE = LTPractice/Info.plist;
				INFOPLIST_KEY_UIApplicationSupportsIndirectInputEvents = YES;
				INFOPLIST_KEY_UILaunchStoryboardName = LaunchScreen;
				INFOPLIST_KEY_UIMainStoryboardFile = Main;
				INFOPLIST_KEY_UISupportedInterfaceOrientations_iPad = "UIInterfaceOrientationPortrait UIInterfaceOrientationPortraitUpsideDown UIInterfaceOrientationLandscapeLeft UIInterfaceOrientationLandscapeRight";
				INFOPLIST_KEY_UISupportedInterfaceOrientations_iPhone = "UIInterfaceOrientationPortrait UIInterfaceOrientationLandscapeLeft UIInterfaceOrientationLandscapeRight";
				IPHONEOS_DEPLOYMENT_TARGET = 15.2;
				LD_RUNPATH_SEARCH_PATHS = (
					"$(inherited)",
					"@executable_path/Frameworks",
				);
				MARKETING_VERSION = 1.0;
				PRODUCT_BUNDLE_IDENTIFIER = me.LTPractice;
				PRODUCT_NAME = "$(TARGET_NAME)";
				SWIFT_EMIT_LOC_STRINGS = YES;
				SWIFT_OBJC_BRIDGING_HEADER = "LTPractice/LTPractice-Bridging-Header.h";
				SWIFT_OPTIMIZATION_LEVEL = "-Onone";
				SWIFT_VERSION = 5.0;
				TARGETED_DEVICE_FAMILY = "1,2";
			};
			name = Debug;
		};
		699AF37928F6A0E300E3D466 /* Release */ = {
			isa = XCBuildConfiguration;
			baseConfigurationReference = AEC7EAC129060CBB4AB015C9 /* Pods-LTPractice.release.xcconfig */;
			buildSettings = {
				ASSETCATALOG_COMPILER_APPICON_NAME = AppIcon;
				ASSETCATALOG_COMPILER_GLOBAL_ACCENT_COLOR_NAME = AccentColor;
				CLANG_ENABLE_MODULES = YES;
				CODE_SIGN_STYLE = Automatic;
				CURRENT_PROJECT_VERSION = 1;
				GENERATE_INFOPLIST_FILE = YES;
				INFOPLIST_FILE = LTPractice/Info.plist;
				INFOPLIST_KEY_UIApplicationSupportsIndirectInputEvents = YES;
				INFOPLIST_KEY_UILaunchStoryboardName = LaunchScreen;
				INFOPLIST_KEY_UIMainStoryboardFile = Main;
				INFOPLIST_KEY_UISupportedInterfaceOrientations_iPad = "UIInterfaceOrientationPortrait UIInterfaceOrientationPortraitUpsideDown UIInterfaceOrientationLandscapeLeft UIInterfaceOrientationLandscapeRight";
				INFOPLIST_KEY_UISupportedInterfaceOrientations_iPhone = "UIInterfaceOrientationPortrait UIInterfaceOrientationLandscapeLeft UIInterfaceOrientationLandscapeRight";
				IPHONEOS_DEPLOYMENT_TARGET = 15.2;
				LD_RUNPATH_SEARCH_PATHS = (
					"$(inherited)",
					"@executable_path/Frameworks",
				);
				MARKETING_VERSION = 1.0;
				PRODUCT_BUNDLE_IDENTIFIER = me.LTPractice;
				PRODUCT_NAME = "$(TARGET_NAME)";
				SWIFT_EMIT_LOC_STRINGS = YES;
				SWIFT_OBJC_BRIDGING_HEADER = "LTPractice/LTPractice-Bridging-Header.h";
				SWIFT_VERSION = 5.0;
				TARGETED_DEVICE_FAMILY = "1,2";
			};
			name = Release;
		};
		699AF37B28F6A0E300E3D466 /* Debug */ = {
			isa = XCBuildConfiguration;
			baseConfigurationReference = B648417AA9BC8EE8F303F888 /* Pods-LTPracticeTests.debug.xcconfig */;
			buildSettings = {
				ALWAYS_EMBED_SWIFT_STANDARD_LIBRARIES = YES;
				BUNDLE_LOADER = "$(TEST_HOST)";
				CODE_SIGN_STYLE = Automatic;
				CURRENT_PROJECT_VERSION = 1;
				GENERATE_INFOPLIST_FILE = YES;
				IPHONEOS_DEPLOYMENT_TARGET = 15.2;
				MARKETING_VERSION = 1.0;
				PRODUCT_BUNDLE_IDENTIFIER = me.LTPracticeTests;
				PRODUCT_NAME = "$(TARGET_NAME)";
				SWIFT_EMIT_LOC_STRINGS = NO;
				SWIFT_VERSION = 5.0;
				TARGETED_DEVICE_FAMILY = "1,2";
				TEST_HOST = "$(BUILT_PRODUCTS_DIR)/LTPractice.app/LTPractice";
			};
			name = Debug;
		};
		699AF37C28F6A0E300E3D466 /* Release */ = {
			isa = XCBuildConfiguration;
			baseConfigurationReference = 8410AE7E86577EDB75204DB1 /* Pods-LTPracticeTests.release.xcconfig */;
			buildSettings = {
				ALWAYS_EMBED_SWIFT_STANDARD_LIBRARIES = YES;
				BUNDLE_LOADER = "$(TEST_HOST)";
				CODE_SIGN_STYLE = Automatic;
				CURRENT_PROJECT_VERSION = 1;
				GENERATE_INFOPLIST_FILE = YES;
				IPHONEOS_DEPLOYMENT_TARGET = 15.2;
				MARKETING_VERSION = 1.0;
				PRODUCT_BUNDLE_IDENTIFIER = me.LTPracticeTests;
				PRODUCT_NAME = "$(TARGET_NAME)";
				SWIFT_EMIT_LOC_STRINGS = NO;
				SWIFT_VERSION = 5.0;
				TARGETED_DEVICE_FAMILY = "1,2";
				TEST_HOST = "$(BUILT_PRODUCTS_DIR)/LTPractice.app/LTPractice";
			};
			name = Release;
		};
		699AF37E28F6A0E300E3D466 /* Debug */ = {
			isa = XCBuildConfiguration;
			baseConfigurationReference = 212860C696598F9EABCEBA4C /* Pods-LTPractice-LTPracticeUITests.debug.xcconfig */;
			buildSettings = {
				ALWAYS_EMBED_SWIFT_STANDARD_LIBRARIES = YES;
				CODE_SIGN_STYLE = Automatic;
				CURRENT_PROJECT_VERSION = 1;
				GENERATE_INFOPLIST_FILE = YES;
				MARKETING_VERSION = 1.0;
				PRODUCT_BUNDLE_IDENTIFIER = me.LTPracticeUITests;
				PRODUCT_NAME = "$(TARGET_NAME)";
				SWIFT_EMIT_LOC_STRINGS = NO;
				SWIFT_VERSION = 5.0;
				TARGETED_DEVICE_FAMILY = "1,2";
				TEST_TARGET_NAME = LTPractice;
			};
			name = Debug;
		};
		699AF37F28F6A0E300E3D466 /* Release */ = {
			isa = XCBuildConfiguration;
			baseConfigurationReference = 63D11DDF5622DB58BEA7CD12 /* Pods-LTPractice-LTPracticeUITests.release.xcconfig */;
			buildSettings = {
				ALWAYS_EMBED_SWIFT_STANDARD_LIBRARIES = YES;
				CODE_SIGN_STYLE = Automatic;
				CURRENT_PROJECT_VERSION = 1;
				GENERATE_INFOPLIST_FILE = YES;
				MARKETING_VERSION = 1.0;
				PRODUCT_BUNDLE_IDENTIFIER = me.LTPracticeUITests;
				PRODUCT_NAME = "$(TARGET_NAME)";
				SWIFT_EMIT_LOC_STRINGS = NO;
				SWIFT_VERSION = 5.0;
				TARGETED_DEVICE_FAMILY = "1,2";
				TEST_TARGET_NAME = LTPractice;
			};
			name = Release;
		};
/* End XCBuildConfiguration section */

/* Begin XCConfigurationList section */
		699AF34528F6A0E100E3D466 /* Build configuration list for PBXProject "LTPractice" */ = {
			isa = XCConfigurationList;
			buildConfigurations = (
				699AF37528F6A0E300E3D466 /* Debug */,
				699AF37628F6A0E300E3D466 /* Release */,
			);
			defaultConfigurationIsVisible = 0;
			defaultConfigurationName = Release;
		};
		699AF37728F6A0E300E3D466 /* Build configuration list for PBXNativeTarget "LTPractice" */ = {
			isa = XCConfigurationList;
			buildConfigurations = (
				699AF37828F6A0E300E3D466 /* Debug */,
				699AF37928F6A0E300E3D466 /* Release */,
			);
			defaultConfigurationIsVisible = 0;
			defaultConfigurationName = Release;
		};
		699AF37A28F6A0E300E3D466 /* Build configuration list for PBXNativeTarget "LTPracticeTests" */ = {
			isa = XCConfigurationList;
			buildConfigurations = (
				699AF37B28F6A0E300E3D466 /* Debug */,
				699AF37C28F6A0E300E3D466 /* Release */,
			);
			defaultConfigurationIsVisible = 0;
			defaultConfigurationName = Release;
		};
		699AF37D28F6A0E300E3D466 /* Build configuration list for PBXNativeTarget "LTPracticeUITests" */ = {
			isa = XCConfigurationList;
			buildConfigurations = (
				699AF37E28F6A0E300E3D466 /* Debug */,
				699AF37F28F6A0E300E3D466 /* Release */,
			);
			defaultConfigurationIsVisible = 0;
			defaultConfigurationName = Release;
		};
/* End XCConfigurationList section */

/* Begin XCVersionGroup section */
		699AF35628F6A0E100E3D466 /* LTPractice.xcdatamodeld */ = {
			isa = XCVersionGroup;
			children = (
				699AF35728F6A0E100E3D466 /* LTPractice.xcdatamodel */,
			);
			currentVersion = 699AF35728F6A0E100E3D466 /* LTPractice.xcdatamodel */;
			path = LTPractice.xcdatamodeld;
			sourceTree = "<group>";
			versionGroupType = wrapper.xcdatamodel;
		};
/* End XCVersionGroup section */
	};
	rootObject = 699AF34228F6A0E100E3D466 /* Project object */;
}
